
Microsoft Visual Studio Solution File, Format Version 12.00
# Visual Studio Version 17
VisualStudioVersion = 17.13.35931.197 d17.13
MinimumVisualStudioVersion = 10.0.40219.1
Project("{FAE04EC0-301F-11D3-BF4B-00C04F79EFBC}") = "Teste_1", "Teste_1.csproj", "{A9192138-4371-487B-9F6D-BEE5376C8419}"
EndProject
Global
	GlobalSection(SolutionConfigurationPlatforms) = preSolution
		Debug|Any CPU = Debug|Any CPU
		Release|Any CPU = Release|Any CPU
	EndGlobalSection
	GlobalSection(ProjectConfigurationPlatforms) = postSolution
		{A9192138-4371-487B-9F6D-BEE5376C8419}.Debug|Any CPU.ActiveCfg = Debug|Any CPU
		{A9192138-4371-487B-9F6D-BEE5376C8419}.Debug|Any CPU.Build.0 = Debug|Any CPU
		{A9192138-4371-487B-9F6D-BEE5376C8419}.Release|Any CPU.ActiveCfg = Release|Any CPU
		{A9192138-4371-487B-9F6D-BEE5376C8419}.Release|Any CPU.Build.0 = Release|Any CPU
	EndGlobalSection
	GlobalSection(SolutionProperties) = preSolution
		HideSolutionNode = FALSE
	EndGlobalSection
	GlobalSection(ExtensibilityGlobals) = postSolution
		SolutionGuid = {5277F01B-6ECC-41E6-A3E1-6B4CA44FB758}
	EndGlobalSection
EndGlobal
